
Microsoft Visual Studio Solution File, Format Version 12.00
# Visual Studio Version 17
VisualStudioVersion = 17.4.33110.190
MinimumVisualStudioVersion = 10.0.40219.1
Project("{8BC9CEB8-8B4A-11D0-8D11-00A0C91BC942}") = "PokeBattleTest", "PokeBattleTest\PokeBattleTest.vcxproj", "{1E0E1611-9DD5-4DAA-B44F-1DEF9DC1D218}"
EndProject
Project("{9A19103F-16F7-4668-BE54-9A1E7A4F7556}") = "MonDesigner", "MonDesigner\MonDesigner.csproj", "{D5340396-9010-4603-9030-D47B7CC8A54B}"
EndProject
Global
	GlobalSection(SolutionConfigurationPlatforms) = preSolution
		Debug|Any CPU = Debug|Any CPU
		Debug|x64 = Debug|x64
		Debug|x86 = Debug|x86
		Release|Any CPU = Release|Any CPU
		Release|x64 = Release|x64
		Release|x86 = Release|x86
	EndGlobalSection
	GlobalSection(ProjectConfigurationPlatforms) = postSolution
		{1E0E1611-9DD5-4DAA-B44F-1DEF9DC1D218}.Debug|Any CPU.ActiveCfg = Debug|x64
		{1E0E1611-9DD5-4DAA-B44F-1DEF9DC1D218}.Debug|Any CPU.Build.0 = Debug|x64
		{1E0E1611-9DD5-4DAA-B44F-1DEF9DC1D218}.Debug|x64.ActiveCfg = Debug|x64
		{1E0E1611-9DD5-4DAA-B44F-1DEF9DC1D218}.Debug|x64.Build.0 = Debug|x64
		{1E0E1611-9DD5-4DAA-B44F-1DEF9DC1D218}.Debug|x86.ActiveCfg = Debug|Win32
		{1E0E1611-9DD5-4DAA-B44F-1DEF9DC1D218}.Debug|x86.Build.0 = Debug|Win32
		{1E0E1611-9DD5-4DAA-B44F-1DEF9DC1D218}.Release|Any CPU.ActiveCfg = Release|x64
		{1E0E1611-9DD5-4DAA-B44F-1DEF9DC1D218}.Release|Any CPU.Build.0 = Release|x64
		{1E0E1611-9DD5-4DAA-B44F-1DEF9DC1D218}.Release|x64.ActiveCfg = Release|x64
		{1E0E1611-9DD5-4DAA-B44F-1DEF9DC1D218}.Release|x64.Build.0 = Release|x64
		{1E0E1611-9DD5-4DAA-B44F-1DEF9DC1D218}.Release|x86.ActiveCfg = Release|Win32
		{1E0E1611-9DD5-4DAA-B44F-1DEF9DC1D218}.Release|x86.Build.0 = Release|Win32
		{D5340396-9010-4603-9030-D47B7CC8A54B}.Debug|Any CPU.ActiveCfg = Debug|Any CPU
		{D5340396-9010-4603-9030-D47B7CC8A54B}.Debug|Any CPU.Build.0 = Debug|Any CPU
		{D5340396-9010-4603-9030-D47B7CC8A54B}.Debug|x64.ActiveCfg = Debug|Any CPU
		{D5340396-9010-4603-9030-D47B7CC8A54B}.Debug|x64.Build.0 = Debug|Any CPU
		{D5340396-9010-4603-9030-D47B7CC8A54B}.Debug|x86.ActiveCfg = Debug|Any CPU
		{D5340396-9010-4603-9030-D47B7CC8A54B}.Debug|x86.Build.0 = Debug|Any CPU
		{D5340396-9010-4603-9030-D47B7CC8A54B}.Release|Any CPU.ActiveCfg = Release|Any CPU
		{D5340396-9010-4603-9030-D47B7CC8A54B}.Release|Any CPU.Build.0 = Release|Any CPU
		{D5340396-9010-4603-9030-D47B7CC8A54B}.Release|x64.ActiveCfg = Release|Any CPU
		{D5340396-9010-4603-9030-D47B7CC8A54B}.Release|x64.Build.0 = Release|Any CPU
		{D5340396-9010-4603-9030-D47B7CC8A54B}.Release|x86.ActiveCfg = Release|Any CPU
		{D5340396-9010-4603-9030-D47B7CC8A54B}.Release|x86.Build.0 = Release|Any CPU
	EndGlobalSection
	GlobalSection(SolutionProperties) = preSolution
		HideSolutionNode = FALSE
	EndGlobalSection
	GlobalSection(ExtensibilityGlobals) = postSolution
		SolutionGuid = {48C63E41-6DCE-456F-9DC9-90E044D249A8}
	EndGlobalSection
EndGlobal
